
Microsoft Visual Studio Solution File, Format Version 12.00
# Visual Studio Version 17
VisualStudioVersion = 17.2.32630.192
MinimumVisualStudioVersion = 10.0.40219.1
Project("{FAE04EC0-301F-11D3-BF4B-00C04F79EFBC}") = "ContextMenuKeyHandle", "ContextMenuKeyHandle\ContextMenuKeyHandle.csproj", "{366CCD15-2409-4F52-BD29-6F9AEBA86284}"
EndProject
Project("{FAE04EC0-301F-11D3-BF4B-00C04F79EFBC}") = "ContextMenuKeyHandleExtension", "ContextMenuKeyHandleExtension\ContextMenuKeyHandleExtension.csproj", "{441F7C09-9751-4979-B949-6F29C9EE1B8C}"
EndProject
Global
	GlobalSection(SolutionConfigurationPlatforms) = preSolution
		Debug|Any CPU = Debug|Any CPU
		Release|Any CPU = Release|Any CPU
	EndGlobalSection
	GlobalSection(ProjectConfigurationPlatforms) = postSolution
		{366CCD15-2409-4F52-BD29-6F9AEBA86284}.Debug|Any CPU.ActiveCfg = Debug|Any CPU
		{366CCD15-2409-4F52-BD29-6F9AEBA86284}.Debug|Any CPU.Build.0 = Debug|Any CPU
		{366CCD15-2409-4F52-BD29-6F9AEBA86284}.Release|Any CPU.ActiveCfg = Release|Any CPU
		{366CCD15-2409-4F52-BD29-6F9AEBA86284}.Release|Any CPU.Build.0 = Release|Any CPU
		{441F7C09-9751-4979-B949-6F29C9EE1B8C}.Debug|Any CPU.ActiveCfg = Debug|Any CPU
		{441F7C09-9751-4979-B949-6F29C9EE1B8C}.Debug|Any CPU.Build.0 = Debug|Any CPU
		{441F7C09-9751-4979-B949-6F29C9EE1B8C}.Release|Any CPU.ActiveCfg = Release|Any CPU
		{441F7C09-9751-4979-B949-6F29C9EE1B8C}.Release|Any CPU.Build.0 = Release|Any CPU
	EndGlobalSection
	GlobalSection(SolutionProperties) = preSolution
		HideSolutionNode = FALSE
	EndGlobalSection
	GlobalSection(ExtensibilityGlobals) = postSolution
		SolutionGuid = {7FA1961E-EB81-4021-A7B2-1382CA77144F}
	EndGlobalSection
EndGlobal
