
Microsoft Visual Studio Solution File, Format Version 12.00
# Visual Studio Version 17
VisualStudioVersion = 17.0.32014.148
MinimumVisualStudioVersion = 10.0.40219.1
Project("{FAE04EC0-301F-11D3-BF4B-00C04F79EFBC}") = "CustomizedDataGrid001", "CustomizedDataGrid001\CustomizedDataGrid001.csproj", "{69039B33-3E41-48B5-A67F-D5283A03B2CA}"
EndProject
Global
	GlobalSection(SolutionConfigurationPlatforms) = preSolution
		Debug|Any CPU = Debug|Any CPU
		Release|Any CPU = Release|Any CPU
	EndGlobalSection
	GlobalSection(ProjectConfigurationPlatforms) = postSolution
		{69039B33-3E41-48B5-A67F-D5283A03B2CA}.Debug|Any CPU.ActiveCfg = Debug|Any CPU
		{69039B33-3E41-48B5-A67F-D5283A03B2CA}.Debug|Any CPU.Build.0 = Debug|Any CPU
		{69039B33-3E41-48B5-A67F-D5283A03B2CA}.Release|Any CPU.ActiveCfg = Release|Any CPU
		{69039B33-3E41-48B5-A67F-D5283A03B2CA}.Release|Any CPU.Build.0 = Release|Any CPU
	EndGlobalSection
	GlobalSection(SolutionProperties) = preSolution
		HideSolutionNode = FALSE
	EndGlobalSection
	GlobalSection(ExtensibilityGlobals) = postSolution
		SolutionGuid = {1F5A64A0-B297-4B64-8854-377122A179CC}
	EndGlobalSection
EndGlobal
